
Microsoft Visual Studio Solution File, Format Version 11.00
# Visual Studio 2010
Project("{FAE04EC0-301F-11D3-BF4B-00C04F79EFBC}") = "WebFileDownloads", "WebFileDownloads\WebFileDownloads.csproj", "{465D5490-BA8C-43CB-946E-5D3A3193C84E}"
EndProject
Global
	GlobalSection(SolutionConfigurationPlatforms) = preSolution
		Debug|Any CPU = Debug|Any CPU
		Release|Any CPU = Release|Any CPU
	EndGlobalSection
	GlobalSection(ProjectConfigurationPlatforms) = postSolution
		{465D5490-BA8C-43CB-946E-5D3A3193C84E}.Debug|Any CPU.ActiveCfg = Debug|Any CPU
		{465D5490-BA8C-43CB-946E-5D3A3193C84E}.Debug|Any CPU.Build.0 = Debug|Any CPU
		{465D5490-BA8C-43CB-946E-5D3A3193C84E}.Release|Any CPU.ActiveCfg = Release|Any CPU
		{465D5490-BA8C-43CB-946E-5D3A3193C84E}.Release|Any CPU.Build.0 = Release|Any CPU
	EndGlobalSection
	GlobalSection(SolutionProperties) = preSolution
		HideSolutionNode = FALSE
	EndGlobalSection
EndGlobal
